
Microsoft Visual Studio Solution File, Format Version 12.00
# Visual Studio Version 17
VisualStudioVersion = 17.6.33815.320
MinimumVisualStudioVersion = 10.0.40219.1
Project("{8BC9CEB8-8B4A-11D0-8D11-00A0C91BC942}") = "UberBeacon", "UberBeacon\UberBeacon.vcxproj", "{7DF41959-5B19-437A-AE5E-A412D36FF364}"
EndProject
Global
	GlobalSection(SolutionConfigurationPlatforms) = preSolution
		Debug|ARM64 = Debug|ARM64
		Debug|x64 = Debug|x64
		Release|ARM64 = Release|ARM64
		Release|x64 = Release|x64
	EndGlobalSection
	GlobalSection(ProjectConfigurationPlatforms) = postSolution
		{7DF41959-5B19-437A-AE5E-A412D36FF364}.Debug|ARM64.ActiveCfg = Debug|ARM64
		{7DF41959-5B19-437A-AE5E-A412D36FF364}.Debug|ARM64.Build.0 = Debug|ARM64
		{7DF41959-5B19-437A-AE5E-A412D36FF364}.Debug|ARM64.Deploy.0 = Debug|ARM64
		{7DF41959-5B19-437A-AE5E-A412D36FF364}.Debug|x64.ActiveCfg = Debug|x64
		{7DF41959-5B19-437A-AE5E-A412D36FF364}.Debug|x64.Build.0 = Debug|x64
		{7DF41959-5B19-437A-AE5E-A412D36FF364}.Debug|x64.Deploy.0 = Debug|x64
		{7DF41959-5B19-437A-AE5E-A412D36FF364}.Release|ARM64.ActiveCfg = Release|ARM64
		{7DF41959-5B19-437A-AE5E-A412D36FF364}.Release|ARM64.Build.0 = Release|ARM64
		{7DF41959-5B19-437A-AE5E-A412D36FF364}.Release|ARM64.Deploy.0 = Release|ARM64
		{7DF41959-5B19-437A-AE5E-A412D36FF364}.Release|x64.ActiveCfg = Release|x64
		{7DF41959-5B19-437A-AE5E-A412D36FF364}.Release|x64.Build.0 = Release|x64
		{7DF41959-5B19-437A-AE5E-A412D36FF364}.Release|x64.Deploy.0 = Release|x64
	EndGlobalSection
	GlobalSection(SolutionProperties) = preSolution
		HideSolutionNode = FALSE
	EndGlobalSection
	GlobalSection(ExtensibilityGlobals) = postSolution
		SolutionGuid = {DB09C733-79C0-4017-AE2D-49E441AB8D93}
	EndGlobalSection
EndGlobal
